// !$*UTF8*$!
{
	archiveVersion = 1;
	classes = {
	};
	objectVersion = 50;
	objects = {

/* Begin PBXBuildFile section */
		8491B300221A4F900055C3D2 /* AppDelegate.swift in Sources */ = {isa = PBXBuildFile; fileRef = 8491B2FF221A4F900055C3D2 /* AppDelegate.swift */; };
		8491B302221A4F900055C3D2 /* SwiftViewController.swift in Sources */ = {isa = PBXBuildFile; fileRef = 8491B301221A4F900055C3D2 /* SwiftViewController.swift */; };
		8491B305221A4F900055C3D2 /* Main.storyboard in Resources */ = {isa = PBXBuildFile; fileRef = 8491B303221A4F900055C3D2 /* Main.storyboard */; };
		8491B307221A4F950055C3D2 /* Assets.xcassets in Resources */ = {isa = PBXBuildFile; fileRef = 8491B306221A4F950055C3D2 /* Assets.xcassets */; };
		8491B30A221A4F950055C3D2 /* LaunchScreen.storyboard in Resources */ = {isa = PBXBuildFile; fileRef = 8491B308221A4F950055C3D2 /* LaunchScreen.storyboard */; };
		8491B316221A50790055C3D2 /* OCViewController.m in Sources */ = {isa = PBXBuildFile; fileRef = 8491B315221A50790055C3D2 /* OCViewController.m */; };
/* End PBXBuildFile section */

/* Begin PBXFileReference section */
		8491B2FC221A4F900055C3D2 /* SwiftPkOc.app */ = {isa = PBXFileReference; explicitFileType = wrapper.application; includeInIndex = 0; path = SwiftPkOc.app; sourceTree = BUILT_PRODUCTS_DIR; };
		8491B2FF221A4F900055C3D2 /* AppDelegate.swift */ = {isa = PBXFileReference; lastKnownFileType = sourcecode.swift; path = AppDelegate.swift; sourceTree = "<group>"; };
		8491B301221A4F900055C3D2 /* SwiftViewController.swift */ = {isa = PBXFileReference; lastKnownFileType = sourcecode.swift; path = SwiftViewController.swift; sourceTree = "<group>"; };
		8491B304221A4F900055C3D2 /* Base */ = {isa = PBXFileReference; lastKnownFileType = file.storyboard; name = Base; path = Base.lproj/Main.storyboard; sourceTree = "<group>"; };
		8491B306221A4F950055C3D2 /* Assets.xcassets */ = {isa = PBXFileReference; lastKnownFileType = folder.assetcatalog; path = Assets.xcassets; sourceTree = "<group>"; };
		8491B309221A4F950055C3D2 /* Base */ = {isa = PBXFileReference; lastKnownFileType = file.storyboard; name = Base; path = Base.lproj/LaunchScreen.storyboard; sourceTree = "<group>"; };
		8491B30B221A4F950055C3D2 /* Info.plist */ = {isa = PBXFileReference; lastKnownFileType = text.plist.xml; path = Info.plist; sourceTree = "<group>"; };
		8491B313221A50790055C3D2 /* SwiftPkOc-Bridging-Header.h */ = {isa = PBXFileReference; lastKnownFileType = sourcecode.c.h; path = "SwiftPkOc-Bridging-Header.h"; sourceTree = "<group>"; };
		8491B314221A50790055C3D2 /* OCViewController.h */ = {isa = PBXFileReference; lastKnownFileType = sourcecode.c.h; path = OCViewController.h; sourceTree = "<group>"; };
		8491B315221A50790055C3D2 /* OCViewController.m */ = {isa = PBXFileReference; lastKnownFileType = sourcecode.c.objc; path = OCViewController.m; sourceTree = "<group>"; };
/* End PBXFileReference section */

/* Begin PBXFrameworksBuildPhase section */
		8491B2F9221A4F900055C3D2 /* Frameworks */ = {
			isa = PBXFrameworksBuildPhase;
			buildActionMask = 2147483647;
			files = (
			);
			runOnlyForDeploymentPostprocessing = 0;
		};
/* End PBXFrameworksBuildPhase section */

/* Begin PBXGroup section */
		8491B2F3221A4F900055C3D2 = {
			isa = PBXGroup;
			children = (
				8491B2FE221A4F900055C3D2 /* SwiftPkOc */,
				8491B2FD221A4F900055C3D2 /* Products */,
			);
			sourceTree = "<group>";
		};
		8491B2FD221A4F900055C3D2 /* Products */ = {
			isa = PBXGroup;
			children = (
				8491B2FC221A4F900055C3D2 /* SwiftPkOc.app */,
			);
			name = Products;
			sourceTree = "<group>";
		};
		8491B2FE221A4F900055C3D2 /* SwiftPkOc */ = {
			isa = PBXGroup;
			children = (
				8491B2FF221A4F900055C3D2 /* AppDelegate.swift */,
				8491B301221A4F900055C3D2 /* SwiftViewController.swift */,
				8491B314221A50790055C3D2 /* OCViewController.h */,
				8491B315221A50790055C3D2 /* OCViewController.m */,
				8491B303221A4F900055C3D2 /* Main.storyboard */,
				8491B306221A4F950055C3D2 /* Assets.xcassets */,
				8491B308221A4F950055C3D2 /* LaunchScreen.storyboard */,
				8491B30B221A4F950055C3D2 /* Info.plist */,
				8491B313221A50790055C3D2 /* SwiftPkOc-Bridging-Header.h */,
			);
			path = SwiftPkOc;
			sourceTree = "<group>";
		};
/* End PBXGroup section */

/* Begin PBXNativeTarget section */
		8491B2FB221A4F900055C3D2 /* SwiftPkOc */ = {
			isa = PBXNativeTarget;
			buildConfigurationList = 8491B30E221A4F950055C3D2 /* Build configuration list for PBXNativeTarget "SwiftPkOc" */;
			buildPhases = (
				8491B2F8221A4F900055C3D2 /* Sources */,
				8491B2F9221A4F900055C3D2 /* Frameworks */,
				8491B2FA221A4F900055C3D2 /* Resources */,
			);
			buildRules = (
			);
			dependencies = (
			);
			name = SwiftPkOc;
			productName = SwiftPkOc;
			productReference = 8491B2FC221A4F900055C3D2 /* SwiftPkOc.app */;
			productType = "com.apple.product-type.application";
		};
/* End PBXNativeTarget section */

/* Begin PBXProject section */
		8491B2F4221A4F900055C3D2 /* Project object */ = {
			isa = PBXProject;
			attributes = {
				LastSwiftUpdateCheck = 1010;
				LastUpgradeCheck = 1010;
				ORGANIZATIONNAME = Admin;
				TargetAttributes = {
					8491B2FB221A4F900055C3D2 = {
						CreatedOnToolsVersion = 10.1;
						LastSwiftMigration = 1010;
					};
				};
			};
			buildConfigurationList = 8491B2F7221A4F900055C3D2 /* Build configuration list for PBXProject "SwiftPkOc" */;
			compatibilityVersion = "Xcode 9.3";
			developmentRegion = en;
			hasScannedForEncodings = 0;
			knownRegions = (
				en,
				Base,
			);
			mainGroup = 8491B2F3221A4F900055C3D2;
			productRefGroup = 8491B2FD221A4F900055C3D2 /* Products */;
			projectDirPath = "";
			projectRoot = "";
			targets = (
				8491B2FB221A4F900055C3D2 /* SwiftPkOc */,
			);
		};
/* End PBXProject section */

/* Begin PBXResourcesBuildPhase section */
		8491B2FA221A4F900055C3D2 /* Resources */ = {
			isa = PBXResourcesBuildPhase;
			buildActionMask = 2147483647;
			files = (
				8491B30A221A4F950055C3D2 /* LaunchScreen.storyboard in Resources */,
				8491B307221A4F950055C3D2 /* Assets.xcassets in Resources */,
				8491B305221A4F900055C3D2 /* Main.storyboard in Resources */,
			);
			runOnlyForDeploymentPostprocessing = 0;
		};
/* End PBXResourcesBuildPhase section */

/* Begin PBXSourcesBuildPhase section */
		8491B2F8221A4F900055C3D2 /* Sources */ = {
			isa = PBXSourcesBuildPhase;
			buildActionMask = 2147483647;
			files = (
				8491B302221A4F900055C3D2 /* SwiftViewController.swift in Sources */,
				8491B300221A4F900055C3D2 /* AppDelegate.swift in Sources */,
				8491B316221A50790055C3D2 /* OCViewController.m in Sources */,
			);
			runOnlyForDeploymentPostprocessing = 0;
		};
/* End PBXSourcesBuildPhase section */

/* Begin PBXVariantGroup section */
		8491B303221A4F900055C3D2 /* Main.storyboard */ = {
			isa = PBXVariantGroup;
			children = (
				8491B304221A4F900055C3D2 /* Base */,
			);
			name = Main.storyboard;
			sourceTree = "<group>";
		};
		8491B308221A4F950055C3D2 /* LaunchScreen.storyboard */ = {
			isa = PBXVariantGroup;
			children = (
				8491B309221A4F950055C3D2 /* Base */,
			);
			name = LaunchScreen.storyboard;
			sourceTree = "<group>";
		};
/* End PBXVariantGroup section */

/* Begin XCBuildConfiguration section */
		8491B30C221A4F950055C3D2 /* Debug */ = {
			isa = XCBuildConfiguration;
			buildSettings = {
				ALWAYS_SEARCH_USER_PATHS = NO;
				CLANG_ANALYZER_NONNULL = YES;
				CLANG_ANALYZER_NUMBER_OBJECT_CONVERSION = YES_AGGRESSIVE;
				CLANG_CXX_LANGUAGE_STANDARD = "gnu++14";
				CLANG_CXX_LIBRARY = "libc++";
				CLANG_ENABLE_MODULES = YES;
				CLANG_ENABLE_OBJC_ARC = YES;
				CLANG_ENABLE_OBJC_WEAK = YES;
				CLANG_WARN_BLOCK_CAPTURE_AUTORELEASING = YES;
				CLANG_WARN_BOOL_CONVERSION = YES;
				CLANG_WARN_COMMA = YES;
				CLANG_WARN_CONSTANT_CONVERSION = YES;
				CLANG_WARN_DEPRECATED_OBJC_IMPLEMENTATIONS = YES;
				CLANG_WARN_DIRECT_OBJC_ISA_USAGE = YES_ERROR;
				CLANG_WARN_DOCUMENTATION_COMMENTS = YES;
				CLANG_WARN_EMPTY_BODY = YES;
				CLANG_WARN_ENUM_CONVERSION = YES;
				CLANG_WARN_INFINITE_RECURSION = YES;
				CLANG_WARN_INT_CONVERSION = YES;
				CLANG_WARN_NON_LITERAL_NULL_CONVERSION = YES;
				CLANG_WARN_OBJC_IMPLICIT_RETAIN_SELF = YES;
				CLANG_WARN_OBJC_LITERAL_CONVERSION = YES;
				CLANG_WARN_OBJC_ROOT_CLASS = YES_ERROR;
				CLANG_WARN_RANGE_LOOP_ANALYSIS = YES;
				CLANG_WARN_STRICT_PROTOTYPES = YES;
				CLANG_WARN_SUSPICIOUS_MOVE = YES;
				CLANG_WARN_UNGUARDED_AVAILABILITY = YES_AGGRESSIVE;
				CLANG_WARN_UNREACHABLE_CODE = YES;
				CLANG_WARN__DUPLICATE_METHOD_MATCH = YES;
				CODE_SIGN_IDENTITY = "iPhone Developer";
				COPY_PHASE_STRIP = NO;
				DEBUG_INFORMATION_FORMAT = dwarf;
				ENABLE_STRICT_OBJC_MSGSEND = YES;
				ENABLE_TESTABILITY = YES;
				GCC_C_LANGUAGE_STANDARD = gnu11;
				GCC_DYNAMIC_NO_PIC = NO;
				GCC_NO_COMMON_BLOCKS = YES;
				GCC_OPTIMIZATION_LEVEL = 0;
				GCC_PREPROCESSOR_DEFINITIONS = (
					"DEBUG=1",
					"$(inherited)",
				);
				GCC_WARN_64_TO_32_BIT_CONVERSION = YES;
				GCC_WARN_ABOUT_RETURN_TYPE = YES_ERROR;
				GCC_WARN_UNDECLARED_SELECTOR = YES;
				GCC_WARN_UNINITIALIZED_AUTOS = YES_AGGRESSIVE;
				GCC_WARN_UNUSED_FUNCTION = YES;
				GCC_WARN_UNUSED_VARIABLE = YES;
				IPHONEOS_DEPLOYMENT_TARGET = 12.1;
				MTL_ENABLE_DEBUG_INFO = INCLUDE_SOURCE;
				MTL_FAST_MATH = YES;
				ONLY_ACTIVE_ARCH = YES;
				SDKROOT = iphoneos;
				SWIFT_ACTIVE_COMPILATION_CONDITIONS = DEBUG;
				SWIFT_OPTIMIZATION_LEVEL = "-Onone";
			};
			name = Debug;
		};
		8491B30D221A4F950055C3D2 /* Release */ = {
			isa = XCBuildConfiguration;
			buildSettings = {
				ALWAYS_SEARCH_USER_PATHS = NO;
				CLANG_ANALYZER_NONNULL = YES;
				CLANG_ANALYZER_NUMBER_OBJECT_CONVERSION = YES_AGGRESSIVE;
				CLANG_CXX_LANGUAGE_STANDARD = "gnu++14";
				CLANG_CXX_LIBRARY = "libc++";
				CLANG_ENABLE_MODULES = YES;
				CLANG_ENABLE_OBJC_ARC = YES;
				CLANG_ENABLE_OBJC_WEAK = YES;
				CLANG_WARN_BLOCK_CAPTURE_AUTORELEASING = YES;
				CLANG_WARN_BOOL_CONVERSION = YES;
				CLANG_WARN_COMMA = YES;
				CLANG_WARN_CONSTANT_CONVERSION = YES;
				CLANG_WARN_DEPRECATED_OBJC_IMPLEMENTATIONS = YES;
				CLANG_WARN_DIRECT_OBJC_ISA_USAGE = YES_ERROR;
				CLANG_WARN_DOCUMENTATION_COMMENTS = YES;
				CLANG_WARN_EMPTY_BODY = YES;
				CLANG_WARN_ENUM_CONVERSION = YES;
				CLANG_WARN_INFINITE_RECURSION = YES;
				CLANG_WARN_INT_CONVERSION = YES;
				CLANG_WARN_NON_LITERAL_NULL_CONVERSION = YES;
				CLANG_WARN_OBJC_IMPLICIT_RETAIN_SELF = YES;
				CLANG_WARN_OBJC_LITERAL_CONVERSION = YES;
				CLANG_WARN_OBJC_ROOT_CLASS = YES_ERROR;
				CLANG_WARN_RANGE_LOOP_ANALYSIS = YES;
				CLANG_WARN_STRICT_PROTOTYPES = YES;
				CLANG_WARN_SUSPICIOUS_MOVE = YES;
				CLANG_WARN_UNGUARDED_AVAILABILITY = YES_AGGRESSIVE;
				CLANG_WARN_UNREACHABLE_CODE = YES;
				CLANG_WARN__DUPLICATE_METHOD_MATCH = YES;
				CODE_SIGN_IDENTITY = "iPhone Developer";
				COPY_PHASE_STRIP = NO;
				DEBUG_INFORMATION_FORMAT = "dwarf-with-dsym";
				ENABLE_NS_ASSERTIONS = NO;
				ENABLE_STRICT_OBJC_MSGSEND = YES;
				GCC_C_LANGUAGE_STANDARD = gnu11;
				GCC_NO_COMMON_BLOCKS = YES;
				GCC_WARN_64_TO_32_BIT_CONVERSION = YES;
				GCC_WARN_ABOUT_RETURN_TYPE = YES_ERROR;
				GCC_WARN_UNDECLARED_SELECTOR = YES;
				GCC_WARN_UNINITIALIZED_AUTOS = YES_AGGRESSIVE;
				GCC_WARN_UNUSED_FUNCTION = YES;
				GCC_WARN_UNUSED_VARIABLE = YES;
				IPHONEOS_DEPLOYMENT_TARGET = 12.1;
				MTL_ENABLE_DEBUG_INFO = NO;
				MTL_FAST_MATH = YES;
				SDKROOT = iphoneos;
				SWIFT_COMPILATION_MODE = wholemodule;
				SWIFT_OPTIMIZATION_LEVEL = "-O";
				VALIDATE_PRODUCT = YES;
			};
			name = Release;
		};
		8491B30F221A4F950055C3D2 /* Debug */ = {
			isa = XCBuildConfiguration;
			buildSettings = {
				ASSETCATALOG_COMPILER_APPICON_NAME = AppIcon;
				CLANG_ENABLE_MODULES = YES;
				CODE_SIGN_STYLE = Automatic;
				DEVELOPMENT_TEAM = 5Q9X8GX43U;
				INFOPLIST_FILE = SwiftPkOc/Info.plist;
				LD_RUNPATH_SEARCH_PATHS = (
					"$(inherited)",
					"@executable_path/Frameworks",
				);
				PRODUCT_BUNDLE_IDENTIFIER = MarkFly.SwiftPkOc;
				PRODUCT_NAME = "$(TARGET_NAME)";
				SWIFT_OBJC_BRIDGING_HEADER = "SwiftPkOc/SwiftPkOc-Bridging-Header.h";
				SWIFT_OPTIMIZATION_LEVEL = "-Onone";
				SWIFT_VERSION = 4.2;
				TARGETED_DEVICE_FAMILY = "1,2";
			};
			name = Debug;
		};
		8491B310221A4F950055C3D2 /* Release */ = {
			isa = XCBuildConfiguration;
			buildSettings = {
				ASSETCATALOG_COMPILER_APPICON_NAME = AppIcon;
				CLANG_ENABLE_MODULES = YES;
				CODE_SIGN_STYLE = Automatic;
				DEVELOPMENT_TEAM = 5Q9X8GX43U;
				INFOPLIST_FILE = SwiftPkOc/Info.plist;
				LD_RUNPATH_SEARCH_PATHS = (
					"$(inherited)",
					"@executable_path/Frameworks",
				);
				PRODUCT_BUNDLE_IDENTIFIER = MarkFly.SwiftPkOc;
				PRODUCT_NAME = "$(TARGET_NAME)";
				SWIFT_OBJC_BRIDGING_HEADER = "SwiftPkOc/SwiftPkOc-Bridging-Header.h";
				SWIFT_VERSION = 4.2;
				TARGETED_DEVICE_FAMILY = "1,2";
			};
			name = Release;
		};
/* End XCBuildConfiguration section */

/* Begin XCConfigurationList section */
		8491B2F7221A4F900055C3D2 /* Build configuration list for PBXProject "SwiftPkOc" */ = {
			isa = XCConfigurationList;
			buildConfigurations = (
				8491B30C221A4F950055C3D2 /* Debug */,
				8491B30D221A4F950055C3D2 /* Release */,
			);
			defaultConfigurationIsVisible = 0;
			defaultConfigurationName = Release;
		};
		8491B30E221A4F950055C3D2 /* Build configuration list for PBXNativeTarget "SwiftPkOc" */ = {
			isa = XCConfigurationList;
			buildConfigurations = (
				8491B30F221A4F950055C3D2 /* Debug */,
				8491B310221A4F950055C3D2 /* Release */,
			);
			defaultConfigurationIsVisible = 0;
			defaultConfigurationName = Release;
		};
/* End XCConfigurationList section */
	};
	rootObject = 8491B2F4221A4F900055C3D2 /* Project object */;
}
